
Microsoft Visual Studio Solution File, Format Version 12.00
# Visual Studio Version 17
VisualStudioVersion = 17.14.36401.2
MinimumVisualStudioVersion = 10.0.40219.1
Project("{FAE04EC0-301F-11D3-BF4B-00C04F79EFBC}") = "TreePassBot", "TreePassBot.csproj", "{CDA91247-FB94-4DAC-8B87-46A9D868EFD1}"
EndProject
Global
	GlobalSection(SolutionConfigurationPlatforms) = preSolution
		Debug|Any CPU = Debug|Any CPU
		Release|Any CPU = Release|Any CPU
	EndGlobalSection
	GlobalSection(ProjectConfigurationPlatforms) = postSolution
		{CDA91247-FB94-4DAC-8B87-46A9D868EFD1}.Debug|Any CPU.ActiveCfg = Debug|Any CPU
		{CDA91247-FB94-4DAC-8B87-46A9D868EFD1}.Debug|Any CPU.Build.0 = Debug|Any CPU
		{CDA91247-FB94-4DAC-8B87-46A9D868EFD1}.Release|Any CPU.ActiveCfg = Release|Any CPU
		{CDA91247-FB94-4DAC-8B87-46A9D868EFD1}.Release|Any CPU.Build.0 = Release|Any CPU
	EndGlobalSection
	GlobalSection(SolutionProperties) = preSolution
		HideSolutionNode = FALSE
	EndGlobalSection
	GlobalSection(ExtensibilityGlobals) = postSolution
		SolutionGuid = {D11E3D38-9CEA-4BA6-A3E6-516A13906A6A}
	EndGlobalSection
EndGlobal
